
Microsoft Visual Studio Solution File, Format Version 12.00
# Visual Studio Version 17
VisualStudioVersion = 17.5.002.0
MinimumVisualStudioVersion = 10.0.40219.1
Project("{9A19103F-16F7-4668-BE54-9A1E7A4F7556}") = "Employee.Api", "Employee.Api.csproj", "{FCBD5CDD-8981-494F-B601-591F510FD7C1}"
EndProject
Global
	GlobalSection(SolutionConfigurationPlatforms) = preSolution
		Debug|Any CPU = Debug|Any CPU
		Release|Any CPU = Release|Any CPU
	EndGlobalSection
	GlobalSection(ProjectConfigurationPlatforms) = postSolution
		{FCBD5CDD-8981-494F-B601-591F510FD7C1}.Debug|Any CPU.ActiveCfg = Debug|Any CPU
		{FCBD5CDD-8981-494F-B601-591F510FD7C1}.Debug|Any CPU.Build.0 = Debug|Any CPU
		{FCBD5CDD-8981-494F-B601-591F510FD7C1}.Release|Any CPU.ActiveCfg = Release|Any CPU
		{FCBD5CDD-8981-494F-B601-591F510FD7C1}.Release|Any CPU.Build.0 = Release|Any CPU
	EndGlobalSection
	GlobalSection(SolutionProperties) = preSolution
		HideSolutionNode = FALSE
	EndGlobalSection
	GlobalSection(ExtensibilityGlobals) = postSolution
		SolutionGuid = {2346BEE7-B5AA-41AB-A11C-B7564E84877A}
	EndGlobalSection
EndGlobal
