
Microsoft Visual Studio Solution File, Format Version 12.00
# Visual Studio Version 17
VisualStudioVersion = 17.6.33829.357
MinimumVisualStudioVersion = 10.0.40219.1
Project("{FAE04EC0-301F-11D3-BF4B-00C04F79EFBC}") = "EmptyCoreProject", "EmptyCoreProject\EmptyCoreProject.csproj", "{B60C4E66-6A89-4F1B-8E92-3243A30D3DD1}"
EndProject
Global
	GlobalSection(SolutionConfigurationPlatforms) = preSolution
		Debug|Any CPU = Debug|Any CPU
		Release|Any CPU = Release|Any CPU
	EndGlobalSection
	GlobalSection(ProjectConfigurationPlatforms) = postSolution
		{B60C4E66-6A89-4F1B-8E92-3243A30D3DD1}.Debug|Any CPU.ActiveCfg = Debug|Any CPU
		{B60C4E66-6A89-4F1B-8E92-3243A30D3DD1}.Debug|Any CPU.Build.0 = Debug|Any CPU
		{B60C4E66-6A89-4F1B-8E92-3243A30D3DD1}.Release|Any CPU.ActiveCfg = Release|Any CPU
		{B60C4E66-6A89-4F1B-8E92-3243A30D3DD1}.Release|Any CPU.Build.0 = Release|Any CPU
	EndGlobalSection
	GlobalSection(SolutionProperties) = preSolution
		HideSolutionNode = FALSE
	EndGlobalSection
	GlobalSection(ExtensibilityGlobals) = postSolution
		SolutionGuid = {4EB7078D-1699-4C4D-8C25-17CE4084E84B}
	EndGlobalSection
EndGlobal
